
Microsoft Visual Studio Solution File, Format Version 12.00
# Visual Studio Version 16
VisualStudioVersion = 25.0.1706.8
MinimumVisualStudioVersion = 10.0.40219.1
Project("{FAE04EC0-301F-11D3-BF4B-00C04F79EFBC}") = "Week13_Lezione1_Esercitazione", "Week13_Lezione1_Esercitazione\Week13_Lezione1_Esercitazione.csproj", "{1E4D415B-FFE9-446D-9C2F-37D50B688AAB}"
EndProject
Global
	GlobalSection(SolutionConfigurationPlatforms) = preSolution
		Debug|Any CPU = Debug|Any CPU
		Release|Any CPU = Release|Any CPU
	EndGlobalSection
	GlobalSection(ProjectConfigurationPlatforms) = postSolution
		{1E4D415B-FFE9-446D-9C2F-37D50B688AAB}.Debug|Any CPU.ActiveCfg = Debug|Any CPU
		{1E4D415B-FFE9-446D-9C2F-37D50B688AAB}.Debug|Any CPU.Build.0 = Debug|Any CPU
		{1E4D415B-FFE9-446D-9C2F-37D50B688AAB}.Release|Any CPU.ActiveCfg = Release|Any CPU
		{1E4D415B-FFE9-446D-9C2F-37D50B688AAB}.Release|Any CPU.Build.0 = Release|Any CPU
	EndGlobalSection
	GlobalSection(SolutionProperties) = preSolution
		HideSolutionNode = FALSE
	EndGlobalSection
	GlobalSection(ExtensibilityGlobals) = postSolution
		SolutionGuid = {60CE586E-EAF7-46E1-88C4-44B386B71E35}
	EndGlobalSection
EndGlobal
